{
  "pins" : [
    {
      "identity" : "amity-social-cloud-sdk-ios-swiftpm",
      "kind" : "remoteSourceControl",
      "location" : "https://github.com/AmityCo/Amity-Social-Cloud-SDK-iOS-SwiftPM",
      "state" : {
        "revision" : "a23c09f0bedb503e17eb88abdca5144f218a7bd0",
        "version" : "5.33.0"
      }
    }
  ],
  "version" : 2
}
